
Microsoft Visual Studio Solution File, Format Version 12.00
# Visual Studio 15
Project("{FAE04EC0-301F-11D3-BF4B-00C04F79EFBC}") = "StoreProject", "StoreProject.csproj", "{11101AA4-A79C-443F-B209-5A35F423D208}"
EndProject
Project("{FAE04EC0-301F-11D3-BF4B-00C04F79EFBC}") = "StoreProject.Library", "StoreProject.Library\StoreProject.Library.csproj", "{A94FFB70-0464-4BE0-ADE5-8AFF16230E61}"
EndProject
Project("{FAE04EC0-301F-11D3-BF4B-00C04F79EFBC}") = "StoreProject.Tests", "StoreProject.Tests\StoreProject.Tests.csproj", "{942FB70D-B1BE-4657-A65B-8FB4F43606A2}"
EndProject
Project("{FAE04EC0-301F-11D3-BF4B-00C04F79EFBC}") = "StoreProjectDB.DataModel", "StoreProjectDB.DataModel\StoreProjectDB.DataModel.csproj", "{36A83C88-8107-4721-8F48-027225B4B907}"
EndProject
Global
	GlobalSection(SolutionConfigurationPlatforms) = preSolution
		Debug|Any CPU = Debug|Any CPU
		Release|Any CPU = Release|Any CPU
	EndGlobalSection
	GlobalSection(ProjectConfigurationPlatforms) = postSolution
		{11101AA4-A79C-443F-B209-5A35F423D208}.Debug|Any CPU.ActiveCfg = Debug|Any CPU
		{11101AA4-A79C-443F-B209-5A35F423D208}.Debug|Any CPU.Build.0 = Debug|Any CPU
		{11101AA4-A79C-443F-B209-5A35F423D208}.Release|Any CPU.ActiveCfg = Release|Any CPU
		{11101AA4-A79C-443F-B209-5A35F423D208}.Release|Any CPU.Build.0 = Release|Any CPU
		{A94FFB70-0464-4BE0-ADE5-8AFF16230E61}.Debug|Any CPU.ActiveCfg = Debug|Any CPU
		{A94FFB70-0464-4BE0-ADE5-8AFF16230E61}.Debug|Any CPU.Build.0 = Debug|Any CPU
		{A94FFB70-0464-4BE0-ADE5-8AFF16230E61}.Release|Any CPU.ActiveCfg = Release|Any CPU
		{A94FFB70-0464-4BE0-ADE5-8AFF16230E61}.Release|Any CPU.Build.0 = Release|Any CPU
		{942FB70D-B1BE-4657-A65B-8FB4F43606A2}.Debug|Any CPU.ActiveCfg = Debug|Any CPU
		{942FB70D-B1BE-4657-A65B-8FB4F43606A2}.Debug|Any CPU.Build.0 = Debug|Any CPU
		{942FB70D-B1BE-4657-A65B-8FB4F43606A2}.Release|Any CPU.ActiveCfg = Release|Any CPU
		{942FB70D-B1BE-4657-A65B-8FB4F43606A2}.Release|Any CPU.Build.0 = Release|Any CPU
		{36A83C88-8107-4721-8F48-027225B4B907}.Debug|Any CPU.ActiveCfg = Debug|Any CPU
		{36A83C88-8107-4721-8F48-027225B4B907}.Debug|Any CPU.Build.0 = Debug|Any CPU
		{36A83C88-8107-4721-8F48-027225B4B907}.Release|Any CPU.ActiveCfg = Release|Any CPU
		{36A83C88-8107-4721-8F48-027225B4B907}.Release|Any CPU.Build.0 = Release|Any CPU
	EndGlobalSection
EndGlobal
